
Microsoft Visual Studio Solution File, Format Version 12.00
# Visual Studio Version 17
VisualStudioVersion = 17.3.32929.385
MinimumVisualStudioVersion = 10.0.40219.1
Project("{FAE04EC0-301F-11D3-BF4B-00C04F79EFBC}") = "Agenda.Android", "Agenda.Android\Agenda.Android.csproj", "{D9024E11-6194-4FC3-A685-C1A23C988979}"
EndProject
Project("{FAE04EC0-301F-11D3-BF4B-00C04F79EFBC}") = "Agenda.iOS", "Agenda.iOS\Agenda.iOS.csproj", "{60151268-D8AB-4263-BD2D-A5F08AD507CC}"
EndProject
Project("{FAE04EC0-301F-11D3-BF4B-00C04F79EFBC}") = "Agenda", "Agenda\Agenda.csproj", "{6238EA01-4B6A-4CF3-BC69-BBE397250BC8}"
EndProject
Global
	GlobalSection(SolutionConfigurationPlatforms) = preSolution
		Debug|Any CPU = Debug|Any CPU
		Debug|iPhone = Debug|iPhone
		Debug|iPhoneSimulator = Debug|iPhoneSimulator
		Release|Any CPU = Release|Any CPU
		Release|iPhone = Release|iPhone
		Release|iPhoneSimulator = Release|iPhoneSimulator
	EndGlobalSection
	GlobalSection(ProjectConfigurationPlatforms) = postSolution
		{D9024E11-6194-4FC3-A685-C1A23C988979}.Debug|Any CPU.ActiveCfg = Debug|Any CPU
		{D9024E11-6194-4FC3-A685-C1A23C988979}.Debug|Any CPU.Build.0 = Debug|Any CPU
		{D9024E11-6194-4FC3-A685-C1A23C988979}.Debug|Any CPU.Deploy.0 = Debug|Any CPU
		{D9024E11-6194-4FC3-A685-C1A23C988979}.Debug|iPhone.ActiveCfg = Debug|Any CPU
		{D9024E11-6194-4FC3-A685-C1A23C988979}.Debug|iPhone.Build.0 = Debug|Any CPU
		{D9024E11-6194-4FC3-A685-C1A23C988979}.Debug|iPhone.Deploy.0 = Debug|Any CPU
		{D9024E11-6194-4FC3-A685-C1A23C988979}.Debug|iPhoneSimulator.ActiveCfg = Debug|Any CPU
		{D9024E11-6194-4FC3-A685-C1A23C988979}.Debug|iPhoneSimulator.Build.0 = Debug|Any CPU
		{D9024E11-6194-4FC3-A685-C1A23C988979}.Debug|iPhoneSimulator.Deploy.0 = Debug|Any CPU
		{D9024E11-6194-4FC3-A685-C1A23C988979}.Release|Any CPU.ActiveCfg = Release|Any CPU
		{D9024E11-6194-4FC3-A685-C1A23C988979}.Release|Any CPU.Build.0 = Release|Any CPU
		{D9024E11-6194-4FC3-A685-C1A23C988979}.Release|Any CPU.Deploy.0 = Release|Any CPU
		{D9024E11-6194-4FC3-A685-C1A23C988979}.Release|iPhone.ActiveCfg = Release|Any CPU
		{D9024E11-6194-4FC3-A685-C1A23C988979}.Release|iPhone.Build.0 = Release|Any CPU
		{D9024E11-6194-4FC3-A685-C1A23C988979}.Release|iPhone.Deploy.0 = Release|Any CPU
		{D9024E11-6194-4FC3-A685-C1A23C988979}.Release|iPhoneSimulator.ActiveCfg = Release|Any CPU
		{D9024E11-6194-4FC3-A685-C1A23C988979}.Release|iPhoneSimulator.Build.0 = Release|Any CPU
		{D9024E11-6194-4FC3-A685-C1A23C988979}.Release|iPhoneSimulator.Deploy.0 = Release|Any CPU
		{60151268-D8AB-4263-BD2D-A5F08AD507CC}.Debug|Any CPU.ActiveCfg = Debug|iPhone
		{60151268-D8AB-4263-BD2D-A5F08AD507CC}.Debug|Any CPU.Build.0 = Debug|iPhone
		{60151268-D8AB-4263-BD2D-A5F08AD507CC}.Debug|Any CPU.Deploy.0 = Debug|iPhone
		{60151268-D8AB-4263-BD2D-A5F08AD507CC}.Debug|iPhone.ActiveCfg = Debug|iPhone
		{60151268-D8AB-4263-BD2D-A5F08AD507CC}.Debug|iPhone.Build.0 = Debug|iPhone
		{60151268-D8AB-4263-BD2D-A5F08AD507CC}.Debug|iPhone.Deploy.0 = Debug|iPhone
		{60151268-D8AB-4263-BD2D-A5F08AD507CC}.Debug|iPhoneSimulator.ActiveCfg = Debug|iPhoneSimulator
		{60151268-D8AB-4263-BD2D-A5F08AD507CC}.Debug|iPhoneSimulator.Build.0 = Debug|iPhoneSimulator
		{60151268-D8AB-4263-BD2D-A5F08AD507CC}.Debug|iPhoneSimulator.Deploy.0 = Debug|iPhoneSimulator
		{60151268-D8AB-4263-BD2D-A5F08AD507CC}.Release|Any CPU.ActiveCfg = Release|iPhoneSimulator
		{60151268-D8AB-4263-BD2D-A5F08AD507CC}.Release|Any CPU.Build.0 = Release|iPhoneSimulator
		{60151268-D8AB-4263-BD2D-A5F08AD507CC}.Release|Any CPU.Deploy.0 = Release|iPhoneSimulator
		{60151268-D8AB-4263-BD2D-A5F08AD507CC}.Release|iPhone.ActiveCfg = Release|iPhone
		{60151268-D8AB-4263-BD2D-A5F08AD507CC}.Release|iPhone.Build.0 = Release|iPhone
		{60151268-D8AB-4263-BD2D-A5F08AD507CC}.Release|iPhone.Deploy.0 = Release|iPhone
		{60151268-D8AB-4263-BD2D-A5F08AD507CC}.Release|iPhoneSimulator.ActiveCfg = Release|iPhoneSimulator
		{60151268-D8AB-4263-BD2D-A5F08AD507CC}.Release|iPhoneSimulator.Build.0 = Release|iPhoneSimulator
		{60151268-D8AB-4263-BD2D-A5F08AD507CC}.Release|iPhoneSimulator.Deploy.0 = Release|iPhoneSimulator
		{6238EA01-4B6A-4CF3-BC69-BBE397250BC8}.Debug|Any CPU.ActiveCfg = Debug|Any CPU
		{6238EA01-4B6A-4CF3-BC69-BBE397250BC8}.Debug|Any CPU.Build.0 = Debug|Any CPU
		{6238EA01-4B6A-4CF3-BC69-BBE397250BC8}.Debug|Any CPU.Deploy.0 = Debug|Any CPU
		{6238EA01-4B6A-4CF3-BC69-BBE397250BC8}.Debug|iPhone.ActiveCfg = Debug|Any CPU
		{6238EA01-4B6A-4CF3-BC69-BBE397250BC8}.Debug|iPhone.Build.0 = Debug|Any CPU
		{6238EA01-4B6A-4CF3-BC69-BBE397250BC8}.Debug|iPhone.Deploy.0 = Debug|Any CPU
		{6238EA01-4B6A-4CF3-BC69-BBE397250BC8}.Debug|iPhoneSimulator.ActiveCfg = Debug|Any CPU
		{6238EA01-4B6A-4CF3-BC69-BBE397250BC8}.Debug|iPhoneSimulator.Build.0 = Debug|Any CPU
		{6238EA01-4B6A-4CF3-BC69-BBE397250BC8}.Debug|iPhoneSimulator.Deploy.0 = Debug|Any CPU
		{6238EA01-4B6A-4CF3-BC69-BBE397250BC8}.Release|Any CPU.ActiveCfg = Release|Any CPU
		{6238EA01-4B6A-4CF3-BC69-BBE397250BC8}.Release|Any CPU.Build.0 = Release|Any CPU
		{6238EA01-4B6A-4CF3-BC69-BBE397250BC8}.Release|Any CPU.Deploy.0 = Release|Any CPU
		{6238EA01-4B6A-4CF3-BC69-BBE397250BC8}.Release|iPhone.ActiveCfg = Release|Any CPU
		{6238EA01-4B6A-4CF3-BC69-BBE397250BC8}.Release|iPhone.Build.0 = Release|Any CPU
		{6238EA01-4B6A-4CF3-BC69-BBE397250BC8}.Release|iPhone.Deploy.0 = Release|Any CPU
		{6238EA01-4B6A-4CF3-BC69-BBE397250BC8}.Release|iPhoneSimulator.ActiveCfg = Release|Any CPU
		{6238EA01-4B6A-4CF3-BC69-BBE397250BC8}.Release|iPhoneSimulator.Build.0 = Release|Any CPU
		{6238EA01-4B6A-4CF3-BC69-BBE397250BC8}.Release|iPhoneSimulator.Deploy.0 = Release|Any CPU
	EndGlobalSection
	GlobalSection(SolutionProperties) = preSolution
		HideSolutionNode = FALSE
	EndGlobalSection
	GlobalSection(ExtensibilityGlobals) = postSolution
		SolutionGuid = {F8277DC5-01D8-4533-80AF-0AA1EB50F640}
	EndGlobalSection
EndGlobal
